
Microsoft Visual Studio Solution File, Format Version 12.00
# Visual Studio Version 16
VisualStudioVersion = 16.0.29102.190
MinimumVisualStudioVersion = 10.0.40219.1
Project("{FAE04EC0-301F-11D3-BF4B-00C04F79EFBC}") = "TheTichDiem", "TheTichDiem\TheTichDiem.csproj", "{AEF9D0DC-B6B1-4E4E-91C0-CA1E83F34D9C}"
EndProject
Global
	GlobalSection(SolutionConfigurationPlatforms) = preSolution
		Debug|Any CPU = Debug|Any CPU
		Release|Any CPU = Release|Any CPU
	EndGlobalSection
	GlobalSection(ProjectConfigurationPlatforms) = postSolution
		{AEF9D0DC-B6B1-4E4E-91C0-CA1E83F34D9C}.Debug|Any CPU.ActiveCfg = Debug|Any CPU
		{AEF9D0DC-B6B1-4E4E-91C0-CA1E83F34D9C}.Debug|Any CPU.Build.0 = Debug|Any CPU
		{AEF9D0DC-B6B1-4E4E-91C0-CA1E83F34D9C}.Release|Any CPU.ActiveCfg = Release|Any CPU
		{AEF9D0DC-B6B1-4E4E-91C0-CA1E83F34D9C}.Release|Any CPU.Build.0 = Release|Any CPU
	EndGlobalSection
	GlobalSection(SolutionProperties) = preSolution
		HideSolutionNode = FALSE
	EndGlobalSection
	GlobalSection(ExtensibilityGlobals) = postSolution
		SolutionGuid = {D9B8895E-ADF8-48DE-914A-4109AAE6F16D}
	EndGlobalSection
EndGlobal
